
Microsoft Visual Studio Solution File, Format Version 12.00
Project("{FAE04EC0-301F-11D3-BF4B-00C04F79EFBC}") = "ProfileManagement", "ProfileManagement.csproj", "{AEC2C4CC-4981-4E6A-8392-85CA4BBE08CC}"
EndProject
Project("{FAE04EC0-301F-11D3-BF4B-00C04F79EFBC}") = "PM.Services", "PM.Services\PM.Services.csproj", "{DF91B621-DA26-4843-92E9-816531BC08BD}"
EndProject
Project("{FAE04EC0-301F-11D3-BF4B-00C04F79EFBC}") = "PM.Core", "PM.Core\PM.Core.csproj", "{BCA01037-E124-4738-BAD4-54F44BB992C5}"
EndProject
Project("{FAE04EC0-301F-11D3-BF4B-00C04F79EFBC}") = "PM.Contracts", "PM.Contracts\PM.Contracts.csproj", "{67064738-3066-4D21-85D5-4F6B2AEF00CA}"
EndProject
Project("{FAE04EC0-301F-11D3-BF4B-00C04F79EFBC}") = "PM.DataAccess", "PM.DataAccess\PM.DataAccess.csproj", "{4D390E49-C23C-47D9-A9D3-6314CEC05947}"
EndProject
Global
	GlobalSection(SolutionConfigurationPlatforms) = preSolution
		Debug|Any CPU = Debug|Any CPU
		Release|Any CPU = Release|Any CPU
	EndGlobalSection
	GlobalSection(ProjectConfigurationPlatforms) = postSolution
		{AEC2C4CC-4981-4E6A-8392-85CA4BBE08CC}.Debug|Any CPU.ActiveCfg = Debug|Any CPU
		{AEC2C4CC-4981-4E6A-8392-85CA4BBE08CC}.Debug|Any CPU.Build.0 = Debug|Any CPU
		{AEC2C4CC-4981-4E6A-8392-85CA4BBE08CC}.Release|Any CPU.ActiveCfg = Release|Any CPU
		{AEC2C4CC-4981-4E6A-8392-85CA4BBE08CC}.Release|Any CPU.Build.0 = Release|Any CPU
		{DF91B621-DA26-4843-92E9-816531BC08BD}.Debug|Any CPU.ActiveCfg = Debug|Any CPU
		{DF91B621-DA26-4843-92E9-816531BC08BD}.Debug|Any CPU.Build.0 = Debug|Any CPU
		{DF91B621-DA26-4843-92E9-816531BC08BD}.Release|Any CPU.ActiveCfg = Release|Any CPU
		{DF91B621-DA26-4843-92E9-816531BC08BD}.Release|Any CPU.Build.0 = Release|Any CPU
		{BCA01037-E124-4738-BAD4-54F44BB992C5}.Debug|Any CPU.ActiveCfg = Debug|Any CPU
		{BCA01037-E124-4738-BAD4-54F44BB992C5}.Debug|Any CPU.Build.0 = Debug|Any CPU
		{BCA01037-E124-4738-BAD4-54F44BB992C5}.Release|Any CPU.ActiveCfg = Release|Any CPU
		{BCA01037-E124-4738-BAD4-54F44BB992C5}.Release|Any CPU.Build.0 = Release|Any CPU
		{67064738-3066-4D21-85D5-4F6B2AEF00CA}.Debug|Any CPU.ActiveCfg = Debug|Any CPU
		{67064738-3066-4D21-85D5-4F6B2AEF00CA}.Debug|Any CPU.Build.0 = Debug|Any CPU
		{67064738-3066-4D21-85D5-4F6B2AEF00CA}.Release|Any CPU.ActiveCfg = Release|Any CPU
		{67064738-3066-4D21-85D5-4F6B2AEF00CA}.Release|Any CPU.Build.0 = Release|Any CPU
		{4D390E49-C23C-47D9-A9D3-6314CEC05947}.Debug|Any CPU.ActiveCfg = Debug|Any CPU
		{4D390E49-C23C-47D9-A9D3-6314CEC05947}.Debug|Any CPU.Build.0 = Debug|Any CPU
		{4D390E49-C23C-47D9-A9D3-6314CEC05947}.Release|Any CPU.ActiveCfg = Release|Any CPU
		{4D390E49-C23C-47D9-A9D3-6314CEC05947}.Release|Any CPU.Build.0 = Release|Any CPU
	EndGlobalSection
EndGlobal
